<?xml version="1.0" encoding="utf-8"?>
<Project ToolsVersion="4.0" xmlns="http://schemas.microsoft.com/developer/msbuild/2003">
  <ItemGroup>
    <Filter Include="Common">
      <UniqueIdentifier>{11d3c827-9a5b-4d35-b807-c5cc623c9d7a}</UniqueIdentifier>
    </Filter>
    <Filter Include="MultiPassRenderer">
      <UniqueIdentifier>{9e4541e8-d547-4bd6-b778-20d8f0fb0933}</UniqueIdentifier>
    </Filter>
  </ItemGroup>
  <ItemGroup>
    <ClInclude Include="Inc\AppFramework.h" />
    <ClInclude Include="Inc\MultiPassRenderer.h">
      <Filter>MultiPassRenderer</Filter>
    </ClInclude>
    <ClInclude Include="Inc\MultiPassBase.h">
      <Filter>MultiPassRenderer</Filter>
    </ClInclude>
  </ItemGroup>
  <ItemGroup>
    <ClCompile Include="Src\MultiPassRenderer.cpp">
      <Filter>MultiPassRenderer</Filter>
    </ClCompile>
    <ClCompile Include="Src\MultiPassBase.cpp">
      <Filter>MultiPassRenderer</Filter>
    </ClCompile>
  </ItemGroup>
</Project>