<?xml version="1.0" encoding="utf-8"?>
<Project ToolsVersion="4.0" xmlns="http://schemas.microsoft.com/developer/msbuild/2003">
  <ItemGroup>
    <Filter Include="ShaderManager">
      <UniqueIdentifier>{a33efc03-f1cf-4fa3-893a-388caba19b25}</UniqueIdentifier>
    </Filter>
    <Filter Include="Core">
      <UniqueIdentifier>{75fa322b-981f-44d0-b82e-debee4eec35b}</UniqueIdentifier>
    </Filter>
    <Filter Include="Application">
      <UniqueIdentifier>{c8e32801-4563-42b7-8ec2-4bd00058fc25}</UniqueIdentifier>
    </Filter>
    <Filter Include="RHI">
      <UniqueIdentifier>{20f22e6b-bc4c-42d5-bdad-a39742fda462}</UniqueIdentifier>
    </Filter>
  </ItemGroup>
  <ItemGroup>
    <ClInclude Include="Inc\ShaderManager.h">
      <Filter>ShaderManager</Filter>
    </ClInclude>
    <ClInclude Include="Inc\DXUT-Ext.h" />
    <ClInclude Include="Inc\SmartPtr.h">
      <Filter>Core</Filter>
    </ClInclude>
    <ClInclude Include="Inc\Core.h">
      <Filter>Core</Filter>
    </ClInclude>
    <ClInclude Include="Inc\Shader.h">
      <Filter>ShaderManager</Filter>
    </ClInclude>
    <ClInclude Include="Inc\GameApp.h">
      <Filter>Application</Filter>
    </ClInclude>
    <ClInclude Include="Inc\Build.h">
      <Filter>Core</Filter>
    </ClInclude>
    <ClInclude Include="Inc\RHI.h">
      <Filter>RHI</Filter>
    </ClInclude>
    <ClInclude Include="Inc\RHIResources.h">
      <Filter>RHI</Filter>
    </ClInclude>
    <ClInclude Include="Inc\VertexDelcaration.h">
      <Filter>ShaderManager</Filter>
    </ClInclude>
  </ItemGroup>
  <ItemGroup>
    <ClCompile Include="Src\GameApp.cpp">
      <Filter>Application</Filter>
    </ClCompile>
    <ClCompile Include="Src\ShaderManager.cpp">
      <Filter>ShaderManager</Filter>
    </ClCompile>
    <ClCompile Include="Src\Shader.cpp">
      <Filter>ShaderManager</Filter>
    </ClCompile>
    <ClCompile Include="Inc\RHI.cpp">
      <Filter>RHI</Filter>
    </ClCompile>
    <ClCompile Include="Inc\RHIMethods.h">
      <Filter>RHI</Filter>
    </ClCompile>
    <ClCompile Include="Src\RHIStates.cpp">
      <Filter>RHI</Filter>
    </ClCompile>
    <ClCompile Include="Src\VertexDeclaration.cpp">
      <Filter>ShaderManager</Filter>
    </ClCompile>
  </ItemGroup>
</Project>